#MicroXplorer Configuration settings - do not modify
3rdParty.I-CUBE-CoreMark.0.1.0.DeviceJjApplication_Checked=false
3rdParty.I-CUBE-CoreMark.0.1.0.IPParameters=ITERATIONS,PRINTF_UART_PORT
3rdParty.I-CUBE-CoreMark.0.1.0.ITERATIONS=2000
3rdParty.I-CUBE-CoreMark.0.1.0.PRINTF_UART_PORT=huart2
3rdParty.I-CUBE-CoreMark.0.1.0.UtilityJjMISC_Checked=false
3rdParty.I-CUBE-CoreMark.0.1.0_SwParameter=ApplicationCcDeviceJjApplication\:CoreMarkApp;UtilityJjMISC\:true;
CAD.formats=
CAD.pinconfig=
CAD.provider=
Dma.Request0=SPI2_RX
Dma.Request1=SPI1_RX
Dma.Request2=SPI1_TX
Dma.RequestsNb=3
Dma.SPI1_RX.1.Direction=DMA_PERIPH_TO_MEMORY
Dma.SPI1_RX.1.FIFOMode=DMA_FIFOMODE_DISABLE
Dma.SPI1_RX.1.Instance=DMA2_Stream0
Dma.SPI1_RX.1.MemDataAlignment=DMA_MDATAALIGN_BYTE
Dma.SPI1_RX.1.MemInc=DMA_MINC_ENABLE
Dma.SPI1_RX.1.Mode=DMA_NORMAL
Dma.SPI1_RX.1.PeriphDataAlignment=DMA_PDATAALIGN_BYTE
Dma.SPI1_RX.1.PeriphInc=DMA_PINC_DISABLE
Dma.SPI1_RX.1.Priority=DMA_PRIORITY_LOW
Dma.SPI1_RX.1.RequestParameters=Instance,Direction,PeriphInc,MemInc,PeriphDataAlignment,MemDataAlignment,Mode,Priority,FIFOMode
Dma.SPI1_TX.2.Direction=DMA_MEMORY_TO_PERIPH
Dma.SPI1_TX.2.FIFOMode=DMA_FIFOMODE_DISABLE
Dma.SPI1_TX.2.Instance=DMA2_Stream2
Dma.SPI1_TX.2.MemDataAlignment=DMA_MDATAALIGN_BYTE
Dma.SPI1_TX.2.MemInc=DMA_MINC_ENABLE
Dma.SPI1_TX.2.Mode=DMA_NORMAL
Dma.SPI1_TX.2.PeriphDataAlignment=DMA_PDATAALIGN_BYTE
Dma.SPI1_TX.2.PeriphInc=DMA_PINC_DISABLE
Dma.SPI1_TX.2.Priority=DMA_PRIORITY_LOW
Dma.SPI1_TX.2.RequestParameters=Instance,Direction,PeriphInc,MemInc,PeriphDataAlignment,MemDataAlignment,Mode,Priority,FIFOMode
Dma.SPI2_RX.0.Direction=DMA_PERIPH_TO_MEMORY
Dma.SPI2_RX.0.FIFOMode=DMA_FIFOMODE_DISABLE
Dma.SPI2_RX.0.Instance=DMA1_Stream3
Dma.SPI2_RX.0.MemDataAlignment=DMA_MDATAALIGN_BYTE
Dma.SPI2_RX.0.MemInc=DMA_MINC_ENABLE
Dma.SPI2_RX.0.Mode=DMA_NORMAL
Dma.SPI2_RX.0.PeriphDataAlignment=DMA_PDATAALIGN_BYTE
Dma.SPI2_RX.0.PeriphInc=DMA_PINC_DISABLE
Dma.SPI2_RX.0.Priority=DMA_PRIORITY_LOW
Dma.SPI2_RX.0.RequestParameters=Instance,Direction,PeriphInc,MemInc,PeriphDataAlignment,MemDataAlignment,Mode,Priority,FIFOMode
FREERTOS.BinarySemaphores01=spi_recv_sem,Dynamic,NULL
FREERTOS.FootprintOK=true
FREERTOS.IPParameters=Tasks01,FootprintOK,configTOTAL_HEAP_SIZE,BinarySemaphores01
FREERTOS.Tasks01=mainTask,24,8192,StartMainTask,Default,NULL,Dynamic,NULL,NULL
FREERTOS.configTOTAL_HEAP_SIZE=112640
File.Version=6
GPIO.groupedBy=Group By Peripherals
KeepUserPlacement=false
MBEDTLS.IPParameters=MBEDTLS_TCP_IP,MBEDTLS_SSL_CLI_C,MBEDTLS_SSL_SRV_C,MBEDTLS_ECP_MAX_BITS_ENABLE,MBEDTLS_ECP_WINDOW_SIZE_ENABLE,MBEDTLS_ECP_FIXED_POINT_OPTIM_ENABLE,MBEDTLS_ENTROPY_MAX_SOURCES,MBEDTLS_RNG_IP,MBEDTLS_RSA_C,MBEDTLS_DEBUG_C,MBEDTLS_DHM_C,MBEDTLS_ECJPAKE_C,MBEDTLS_MD5_C,MBEDTLS_MPI_WINDOW_SIZE_ENABLE,MBEDTLS_MPI_WINDOW_SIZE,MBEDTLS_MPI_MAX_SIZE_ENABLE,MBEDTLS_SSL_MAX_CONTENT_LEN_ENABLE,MBEDTLS_SSL_MAX_CONTENT_LEN,MBEDTLS_SSL_CIPHERSUITES,MBEDTLS_PLATFORM_MEMORY,MBEDTLS_KEY_EXCHANGE_PSK_ENABLED,MBEDTLS_KEY_EXCHANGE_DHE_PSK_ENABLED,MBEDTLS_KEY_EXCHANGE_ECDHE_PSK_ENABLED,MBEDTLS_RSA_NO_CRT,MBEDTLS_PKCS1_V15,MBEDTLS_KEY_EXCHANGE_RSA_PSK_ENABLED,MBEDTLS_KEY_EXCHANGE_RSA_ENABLED,MBEDTLS_KEY_EXCHANGE_DHE_RSA_ENABLED,MBEDTLS_KEY_EXCHANGE_ECDHE_RSA_ENABLED,MBEDTLS_KEY_EXCHANGE_ECDH_ECDSA_ENABLED,MBEDTLS_KEY_EXCHANGE_ECDH_RSA_ENABLED,MBEDTLS_KEY_EXCHANGE_ECJPAKE_ENABLED,MBEDTLS_HAVE_TIME
MBEDTLS.MBEDTLS_DEBUG_C=1
MBEDTLS.MBEDTLS_DHM_C=1
MBEDTLS.MBEDTLS_ECJPAKE_C=1
MBEDTLS.MBEDTLS_ECP_FIXED_POINT_OPTIM_ENABLE=1
MBEDTLS.MBEDTLS_ECP_MAX_BITS_ENABLE=1
MBEDTLS.MBEDTLS_ECP_WINDOW_SIZE_ENABLE=1
MBEDTLS.MBEDTLS_ENTROPY_MAX_SOURCES=2
MBEDTLS.MBEDTLS_HAVE_TIME=0
MBEDTLS.MBEDTLS_KEY_EXCHANGE_DHE_PSK_ENABLED=1
MBEDTLS.MBEDTLS_KEY_EXCHANGE_DHE_RSA_ENABLED=1
MBEDTLS.MBEDTLS_KEY_EXCHANGE_ECDHE_PSK_ENABLED=1
MBEDTLS.MBEDTLS_KEY_EXCHANGE_ECDHE_RSA_ENABLED=1
MBEDTLS.MBEDTLS_KEY_EXCHANGE_ECDH_ECDSA_ENABLED=1
MBEDTLS.MBEDTLS_KEY_EXCHANGE_ECDH_RSA_ENABLED=1
MBEDTLS.MBEDTLS_KEY_EXCHANGE_ECJPAKE_ENABLED=1
MBEDTLS.MBEDTLS_KEY_EXCHANGE_PSK_ENABLED=1
MBEDTLS.MBEDTLS_KEY_EXCHANGE_RSA_ENABLED=1
MBEDTLS.MBEDTLS_KEY_EXCHANGE_RSA_PSK_ENABLED=1
MBEDTLS.MBEDTLS_MD5_C=1
MBEDTLS.MBEDTLS_MPI_MAX_SIZE_ENABLE=0
MBEDTLS.MBEDTLS_MPI_WINDOW_SIZE=256
MBEDTLS.MBEDTLS_MPI_WINDOW_SIZE_ENABLE=1
MBEDTLS.MBEDTLS_PKCS1_V15=1
MBEDTLS.MBEDTLS_PLATFORM_MEMORY=1
MBEDTLS.MBEDTLS_RNG_IP=SW_RNG
MBEDTLS.MBEDTLS_RSA_C=1
MBEDTLS.MBEDTLS_RSA_NO_CRT=0
MBEDTLS.MBEDTLS_SSL_CIPHERSUITES=MBEDTLS_TLS_ECDHE_ECDSA_WITH_AES_256_GCM_SHA384,MBEDTLS_TLS_ECDHE_ECDSA_WITH_AES_128_GCM_SHA256,MBEDTLS_TLS_ECDHE_RSA_WITH_AES_128_GCM_SHA256
MBEDTLS.MBEDTLS_SSL_CLI_C=1
MBEDTLS.MBEDTLS_SSL_MAX_CONTENT_LEN=4096
MBEDTLS.MBEDTLS_SSL_MAX_CONTENT_LEN_ENABLE=1
MBEDTLS.MBEDTLS_SSL_SRV_C=1
MBEDTLS.MBEDTLS_TCP_IP=1
Mcu.CPN=STM32F411RET6
Mcu.Family=STM32F4
Mcu.IP0=DMA
Mcu.IP1=FREERTOS
Mcu.IP2=MBEDTLS
Mcu.IP3=NVIC
Mcu.IP4=RCC
Mcu.IP5=SPI1
Mcu.IP6=SPI2
Mcu.IP7=SYS
Mcu.IP8=USART2
Mcu.IPNb=9
Mcu.Name=STM32F411R(C-E)Tx
Mcu.Package=LQFP64
Mcu.Pin0=PC14-OSC32_IN
Mcu.Pin1=PC15-OSC32_OUT
Mcu.Pin10=PB13
Mcu.Pin11=PB14
Mcu.Pin12=PB15
Mcu.Pin13=PA13
Mcu.Pin14=PA14
Mcu.Pin15=PB3
Mcu.Pin16=PB6
Mcu.Pin17=VP_FREERTOS_VS_CMSIS_V2
Mcu.Pin18=VP_MBEDTLS_VS_MBEDTLS
Mcu.Pin19=VP_SYS_VS_tim4
Mcu.Pin2=PH0 - OSC_IN
Mcu.Pin3=PH1 - OSC_OUT
Mcu.Pin4=PA2
Mcu.Pin5=PA3
Mcu.Pin6=PA5
Mcu.Pin7=PA6
Mcu.Pin8=PA7
Mcu.Pin9=PB2
Mcu.PinsNb=20
Mcu.ThirdParty0=3rdParty.I-CUBE-CoreMark.0.1.0
Mcu.ThirdPartyNb=1
Mcu.UserConstants=
Mcu.UserName=STM32F411RETx
MxCube.Version=6.9.2
MxDb.Version=DB.6.0.92
NVIC.BusFault_IRQn=true\:0\:0\:false\:false\:true\:false\:true\:false\:false
NVIC.DMA1_Stream3_IRQn=true\:5\:0\:false\:false\:true\:true\:false\:true\:true
NVIC.DMA2_Stream0_IRQn=true\:5\:0\:false\:false\:true\:true\:false\:true\:true
NVIC.DMA2_Stream2_IRQn=true\:5\:0\:false\:false\:true\:true\:false\:true\:true
NVIC.DebugMonitor_IRQn=true\:0\:0\:false\:false\:true\:false\:true\:false\:false
NVIC.ForceEnableDMAVector=true
NVIC.HardFault_IRQn=true\:0\:0\:false\:false\:true\:false\:true\:false\:false
NVIC.MemoryManagement_IRQn=true\:0\:0\:false\:false\:true\:false\:true\:false\:false
NVIC.NonMaskableInt_IRQn=true\:0\:0\:false\:false\:true\:false\:true\:false\:false
NVIC.PendSV_IRQn=true\:15\:0\:false\:false\:false\:true\:false\:false\:false
NVIC.PriorityGroup=NVIC_PRIORITYGROUP_4
NVIC.SPI2_IRQn=true\:5\:0\:false\:false\:true\:true\:true\:true\:true
NVIC.SVCall_IRQn=true\:0\:0\:false\:false\:false\:false\:false\:false\:false
NVIC.SavedPendsvIrqHandlerGenerated=true
NVIC.SavedSvcallIrqHandlerGenerated=true
NVIC.SavedSystickIrqHandlerGenerated=true
NVIC.SysTick_IRQn=true\:15\:0\:true\:false\:false\:true\:true\:true\:false
NVIC.TIM4_IRQn=true\:15\:0\:false\:false\:true\:false\:false\:true\:true
NVIC.TimeBase=TIM4_IRQn
NVIC.TimeBaseIP=TIM4
NVIC.UsageFault_IRQn=true\:0\:0\:false\:false\:true\:false\:true\:false\:false
PA13.GPIOParameters=GPIO_Label
PA13.GPIO_Label=TMS
PA13.Locked=true
PA13.Mode=Serial_Wire
PA13.Signal=SYS_JTMS-SWDIO
PA14.GPIOParameters=GPIO_Label
PA14.GPIO_Label=TCK
PA14.Locked=true
PA14.Mode=Serial_Wire
PA14.Signal=SYS_JTCK-SWCLK
PA2.GPIOParameters=GPIO_Label
PA2.GPIO_Label=USART_TX
PA2.Locked=true
PA2.Mode=Asynchronous
PA2.Signal=USART2_TX
PA3.GPIOParameters=GPIO_Label
PA3.GPIO_Label=USART_RX
PA3.Locked=true
PA3.Mode=Asynchronous
PA3.Signal=USART2_RX
PA5.Mode=Full_Duplex_Master
PA5.Signal=SPI1_SCK
PA6.Mode=Full_Duplex_Master
PA6.Signal=SPI1_MISO
PA7.Mode=Full_Duplex_Master
PA7.Signal=SPI1_MOSI
PB13.Locked=true
PB13.Mode=Full_Duplex_Slave
PB13.Signal=SPI2_SCK
PB14.Locked=true
PB14.Mode=Full_Duplex_Slave
PB14.Signal=SPI2_MISO
PB15.Locked=true
PB15.Mode=Full_Duplex_Slave
PB15.Signal=SPI2_MOSI
PB2.GPIOParameters=GPIO_Label
PB2.GPIO_Label=SPI_CHECK
PB2.Locked=true
PB2.Signal=GPIO_Output
PB3.GPIOParameters=GPIO_Label
PB3.GPIO_Label=SWO
PB3.Locked=true
PB3.Signal=SYS_JTDO-SWO
PB6.GPIOParameters=GPIO_Label
PB6.GPIO_Label=WIZ_SPI1_CS
PB6.Locked=true
PB6.Signal=GPIO_Output
PC14-OSC32_IN.Locked=true
PC14-OSC32_IN.Mode=LSE-External-Oscillator
PC14-OSC32_IN.Signal=RCC_OSC32_IN
PC15-OSC32_OUT.Locked=true
PC15-OSC32_OUT.Mode=LSE-External-Oscillator
PC15-OSC32_OUT.Signal=RCC_OSC32_OUT
PH0\ -\ OSC_IN.Locked=true
PH0\ -\ OSC_IN.Mode=HSE-External-Clock-Source
PH0\ -\ OSC_IN.Signal=RCC_OSC_IN
PH1\ -\ OSC_OUT.Locked=true
PH1\ -\ OSC_OUT.Mode=HSE-External-Clock-Source
PH1\ -\ OSC_OUT.Signal=RCC_OSC_OUT
PinOutPanel.RotationAngle=0
ProjectManager.AskForMigrate=true
ProjectManager.BackupPrevious=false
ProjectManager.CompilerOptimize=6
ProjectManager.ComputerToolchain=false
ProjectManager.CoupleFile=false
ProjectManager.CustomerFirmwarePackage=
ProjectManager.DefaultFWLocation=true
ProjectManager.DeletePrevious=true
ProjectManager.DeviceId=STM32F411RETx
ProjectManager.FirmwarePackage=STM32Cube FW_F4 V1.27.1
ProjectManager.FreePins=false
ProjectManager.HalAssertFull=false
ProjectManager.HeapSize=0x200
ProjectManager.KeepUserCode=true
ProjectManager.LastFirmware=true
ProjectManager.LibraryCopy=0
ProjectManager.MainLocation=Core/Src
ProjectManager.NoMain=false
ProjectManager.PreviousToolchain=
ProjectManager.ProjectBuild=false
ProjectManager.ProjectFileName=STM32F411RE_SPI_Slave_DMA.ioc
ProjectManager.ProjectName=STM32F411RE_SPI_Slave_DMA
ProjectManager.ProjectStructure=
ProjectManager.RegisterCallBack=
ProjectManager.StackSize=0x400
ProjectManager.TargetToolchain=MDK-ARM V5.32
ProjectManager.ToolChainLocation=
ProjectManager.UAScriptAfterPath=
ProjectManager.UAScriptBeforePath=
ProjectManager.UnderRoot=false
ProjectManager.functionlistsort=1-SystemClock_Config-RCC-false-HAL-false,2-MX_GPIO_Init-GPIO-false-HAL-true,3-MX_DMA_Init-DMA-false-HAL-true,4-MX_USART2_UART_Init-USART2-false-HAL-true,5-MX_SPI1_Init-SPI1-false-HAL-true,6-MX_MBEDTLS_Init-MBEDTLS-false-HAL-false,7-MX_SPI2_Init-SPI2-false-HAL-true
RCC.48MHZClocksFreq_Value=50000000
RCC.AHBFreq_Value=100000000
RCC.APB1CLKDivider=RCC_HCLK_DIV2
RCC.APB1Freq_Value=50000000
RCC.APB1TimFreq_Value=100000000
RCC.APB2Freq_Value=100000000
RCC.APB2TimFreq_Value=100000000
RCC.CortexFreq_Value=100000000
RCC.EthernetFreq_Value=100000000
RCC.FCLKCortexFreq_Value=100000000
RCC.FLatency-AdvancedSettings=FLASH_LATENCY_3
RCC.FamilyName=M
RCC.HCLKFreq_Value=100000000
RCC.HSE_VALUE=8000000
RCC.HSI_VALUE=16000000
RCC.I2SClocksFreq_Value=96000000
RCC.IPParameters=48MHZClocksFreq_Value,AHBFreq_Value,APB1CLKDivider,APB1Freq_Value,APB1TimFreq_Value,APB2Freq_Value,APB2TimFreq_Value,CortexFreq_Value,EthernetFreq_Value,FCLKCortexFreq_Value,FLatency-AdvancedSettings,FamilyName,HCLKFreq_Value,HSE_VALUE,HSI_VALUE,I2SClocksFreq_Value,LSI_VALUE,MCO2PinFreq_Value,PLLCLKFreq_Value,PLLM,PLLN,PLLQCLKFreq_Value,RTCFreq_Value,RTCHSEDivFreq_Value,SYSCLKFreq_VALUE,SYSCLKSource,VCOI2SOutputFreq_Value,VCOInputFreq_Value,VCOInputMFreq_Value,VCOOutputFreq_Value,VcooutputI2S
RCC.LSI_VALUE=32000
RCC.MCO2PinFreq_Value=100000000
RCC.PLLCLKFreq_Value=100000000
RCC.PLLM=8
RCC.PLLN=100
RCC.PLLQCLKFreq_Value=50000000
RCC.RTCFreq_Value=32000
RCC.RTCHSEDivFreq_Value=4000000
RCC.SYSCLKFreq_VALUE=100000000
RCC.SYSCLKSource=RCC_SYSCLKSOURCE_PLLCLK
RCC.VCOI2SOutputFreq_Value=192000000
RCC.VCOInputFreq_Value=2000000
RCC.VCOInputMFreq_Value=1000000
RCC.VCOOutputFreq_Value=200000000
RCC.VcooutputI2S=96000000
SPI1.BaudRatePrescaler=SPI_BAUDRATEPRESCALER_4
SPI1.CalculateBaudRate=25.0 MBits/s
SPI1.Direction=SPI_DIRECTION_2LINES
SPI1.IPParameters=VirtualType,Mode,Direction,CalculateBaudRate,BaudRatePrescaler
SPI1.Mode=SPI_MODE_MASTER
SPI1.VirtualType=VM_MASTER
SPI2.Direction=SPI_DIRECTION_2LINES
SPI2.IPParameters=VirtualType,Mode,Direction
SPI2.Mode=SPI_MODE_SLAVE
SPI2.VirtualType=VM_SLAVE
USART2.IPParameters=VirtualMode
USART2.VirtualMode=VM_ASYNC
VP_FREERTOS_VS_CMSIS_V2.Mode=CMSIS_V2
VP_FREERTOS_VS_CMSIS_V2.Signal=FREERTOS_VS_CMSIS_V2
VP_MBEDTLS_VS_MBEDTLS.Mode=Enabled
VP_MBEDTLS_VS_MBEDTLS.Signal=MBEDTLS_VS_MBEDTLS
VP_SYS_VS_tim4.Mode=TIM4
VP_SYS_VS_tim4.Signal=SYS_VS_tim4
board=NUCLEO-F411RE
boardIOC=true
rtos.0.ip=FREERTOS
